[[package]]
name = "black"
version = "22.1.0"
description = "The uncompromising code formatter."
category = "dev"
optional = false
python-versions = ">=3.6.2"

[package.dependencies]
click = ">=8.0.0"
mypy-extensions = ">=0.4.3"
pathspec = ">=0.9.0"
platformdirs = ">=2"
tomli = ">=1.1.0"
typing-extensions = {version = ">=3.10.0.0", markers = "python_version < \"3.10\""}

[package.extras]
colorama = ["colorama (>=0.4.3)"]
d = ["aiohttp (>=3.7.4)"]
jupyter = ["ipython (>=7.8.0)", "tokenize-rt (>=3.2.0)"]
uvloop = ["uvloop (>=0.15.2)"]

[[package]]
name = "brotli"
version = "1.0.9"
description = "Python bindings for the Brotli compression library"
category = "main"
optional = false
python-versions = "*"

[[package]]
name = "click"
version = "8.0.3"
description = "Composable command line interface toolkit"
category = "main"
optional = false
python-versions = ">=3.6"

[package.dependencies]
colorama = {version = "*", markers = "platform_system == \"Windows\""}

[[package]]
name = "colorama"
version = "0.4.4"
description = "Cross-platform colored terminal text."
category = "main"
optional = false
python-versions = ">=2.7, !=3.0.*, !=3.1.*, !=3.2.*, !=3.3.*, !=3.4.*"

[[package]]
name = "dash"
version = "2.1.0"
description = "A Python framework for building reactive web-apps. Developed by Plotly."
category = "main"
optional = false
python-versions = ">=3.6"

[package.dependencies]
dash-core-components = "2.0.0"
dash-html-components = "2.0.0"
dash-table = "5.0.0"
Flask = ">=1.0.4"
flask-compress = "*"
plotly = ">=5.0.0"

[package.extras]
celery = ["redis (>=3.5.3)", "celery[redis] (>=5.1.2)"]
ci = ["black (==21.6b0)", "dash-flow-example (==0.0.5)", "dash-dangerously-set-inner-html", "flake8 (==3.9.2)", "flaky (==3.7.0)", "flask-talisman (==0.8.1)", "mimesis", "mock (==4.0.3)", "numpy", "preconditions", "pylint (==2.10.2)", "pytest-mock (==3.2.0)", "pytest-sugar (==0.9.4)", "isort (==4.3.21)", "orjson (==3.5.4)", "pyarrow (<3)", "pandas (==1.1.5)", "xlrd (<2)", "orjson (==3.6.3)", "pyarrow", "openpyxl", "pandas (>=1.4.0)", "xlrd (>=2.0.1)"]
dev = ["coloredlogs (>=15.0.1)", "fire (>=0.4.0)", "PyYAML (>=5.4.1)"]
diskcache = ["diskcache (>=5.2.1)", "multiprocess (>=0.70.12)", "psutil (>=5.8.0)"]
testing = ["beautifulsoup4 (>=4.8.2)", "lxml (>=4.6.2)", "percy (>=2.0.2)", "pytest (>=6.0.2)", "requests[security] (>=2.21.0)", "selenium (>=3.141.0)", "waitress (>=1.4.4)", "webdriver-manager (>=3.5.1)", "cryptography (<3.4)"]

[[package]]
name = "dash-bootstrap-components"
version = "1.0.3"
description = "Bootstrap themed components for use in Plotly Dash"
category = "main"
optional = false
python-versions = ">=3.6, <4"

[package.dependencies]
dash = ">=2.0.0"

[package.extras]
pandas = ["numpy", "pandas"]

[[package]]
name = "dash-core-components"
version = "2.0.0"
description = "Core component suite for Dash"
category = "main"
optional = false
python-versions = "*"

[[package]]
name = "dash-html-components"
version = "2.0.0"
description = "Vanilla HTML components for Dash"
category = "main"
optional = false
python-versions = "*"

[[package]]
name = "dash-table"
version = "5.0.0"
description = "Dash table"
category = "main"
optional = false
python-versions = "*"

[[package]]
name = "flask"
version = "2.0.2"
description = "A simple framework for building complex web applications."
category = "main"
optional = false
python-versions = ">=3.6"

[package.dependencies]
click = ">=7.1.2"
itsdangerous = ">=2.0"
Jinja2 = ">=3.0"
Werkzeug = ">=2.0"

[package.extras]
async = ["asgiref (>=3.2)"]
dotenv = ["python-dotenv"]

[[package]]
name = "flask-compress"
version = "1.10.1"
description = "Compress responses in your Flask app with gzip, deflate or brotli."
category = "main"
optional = false
python-versions = "*"

[package.dependencies]
brotli = "*"
flask = "*"

[[package]]
name = "gunicorn"
version = "20.1.0"
description = "WSGI HTTP Server for UNIX"
category = "main"
optional = false
python-versions = ">=3.5"

[package.extras]
eventlet = ["eventlet (>=0.24.1)"]
gevent = ["gevent (>=1.4.0)"]
setproctitle = ["setproctitle"]
tornado = ["tornado (>=0.2)"]

[[package]]
name = "itsdangerous"
version = "2.0.1"
description = "Safely pass data to untrusted environments and back."
category = "main"
optional = false
python-versions = ">=3.6"

[[package]]
name = "jinja2"
version = "3.0.3"
description = "A very fast and expressive template engine."
category = "main"
optional = false
python-versions = ">=3.6"

[package.dependencies]
MarkupSafe = ">=2.0"

[package.extras]
i18n = ["Babel (>=2.7)"]

[[package]]
name = "markupsafe"
version = "2.0.1"
description = "Safely add untrusted strings to HTML/XML markup."
category = "main"
optional = false
python-versions = ">=3.6"

[[package]]
name = "mypy-extensions"
version = "0.4.3"
description = "Experimental type system extensions for programs checked with the mypy typechecker."
category = "dev"
optional = false
python-versions = "*"

[[package]]
name = "numpy"
version = "1.22.2"
description = "NumPy is the fundamental package for array computing with Python."
category = "main"
optional = false
python-versions = ">=3.8"

[[package]]
name = "pathspec"
version = "0.9.0"
description = "Utility library for gitignore style pattern matching of file paths."
category = "dev"
optional = false
python-versions = "!=3.0.*,!=3.1.*,!=3.2.*,!=3.3.*,!=3.4.*,>=2.7"

[[package]]
name = "platformdirs"
version = "2.4.1"
description = "A small Python module for determining appropriate platform-specific dirs, e.g. a \"user data dir\"."
category = "dev"
optional = false
python-versions = ">=3.7"

[package.extras]
docs = ["Sphinx (>=4)", "furo (>=2021.7.5b38)", "proselint (>=0.10.2)", "sphinx-autodoc-typehints (>=1.12)"]
test = ["appdirs (==1.4.4)", "pytest (>=6)", "pytest-cov (>=2.7)", "pytest-mock (>=3.6)"]

[[package]]
name = "plotly"
version = "5.5.0"
description = "An open-source, interactive data visualization library for Python"
category = "main"
optional = false
python-versions = ">=3.6"

[package.dependencies]
six = "*"
tenacity = ">=6.2.0"

[[package]]
name = "six"
version = "1.16.0"
description = "Python 2 and 3 compatibility utilities"
category = "main"
optional = false
python-versions = ">=2.7, !=3.0.*, !=3.1.*, !=3.2.*"

[[package]]
name = "tenacity"
version = "8.0.1"
description = "Retry code until it succeeds"
category = "main"
optional = false
python-versions = ">=3.6"

[package.extras]
doc = ["reno", "sphinx", "tornado (>=4.5)"]

[[package]]
name = "tomli"
version = "2.0.0"
description = "A lil' TOML parser"
category = "dev"
optional = false
python-versions = ">=3.7"

[[package]]
name = "typing-extensions"
version = "4.0.1"
description = "Backported and Experimental Type Hints for Python 3.6+"
category = "dev"
optional = false
python-versions = ">=3.6"

[[package]]
name = "werkzeug"
version = "2.0.3"
description = "The comprehensive WSGI web application library."
category = "main"
optional = false
python-versions = ">=3.6"

[package.extras]
watchdog = ["watchdog"]

[metadata]
lock-version = "1.1"
python-versions = "^3.9"
content-hash = "923c229bf2b33d32b1fc5e2490c91cd00e6ee9d596d2e08523f3f2369eee72df"

[metadata.files]
black = [
    {file = "black-22.1.0-cp310-cp310-macosx_10_9_universal2.whl", hash = "sha256:1297c63b9e1b96a3d0da2d85d11cd9bf8664251fd69ddac068b98dc4f34f73b6"},
    {file = "black-22.1.0-cp310-cp310-macosx_10_9_x86_64.whl", hash = "sha256:2ff96450d3ad9ea499fc4c60e425a1439c2120cbbc1ab959ff20f7c76ec7e866"},
    {file = "black-22.1.0-cp310-cp310-macosx_11_0_arm64.whl", hash = "sha256:0e21e1f1efa65a50e3960edd068b6ae6d64ad6235bd8bfea116a03b21836af71"},
    {file = "black-22.1.0-cp310-cp310-manylinux_2_17_x86_64.manylinux2014_x86_64.whl", hash = "sha256:e2f69158a7d120fd641d1fa9a921d898e20d52e44a74a6fbbcc570a62a6bc8ab"},
    {file = "black-22.1.0-cp310-cp310-win_amd64.whl", hash = "sha256:228b5ae2c8e3d6227e4bde5920d2fc66cc3400fde7bcc74f480cb07ef0b570d5"},
    {file = "black-22.1.0-cp36-cp36m-macosx_10_9_x86_64.whl", hash = "sha256:b1a5ed73ab4c482208d20434f700d514f66ffe2840f63a6252ecc43a9bc77e8a"},
    {file = "black-22.1.0-cp36-cp36m-manylinux_2_17_x86_64.manylinux2014_x86_64.whl", hash = "sha256:35944b7100af4a985abfcaa860b06af15590deb1f392f06c8683b4381e8eeaf0"},
    {file = "black-22.1.0-cp36-cp36m-win_amd64.whl", hash = "sha256:7835fee5238fc0a0baf6c9268fb816b5f5cd9b8793423a75e8cd663c48d073ba"},
    {file = "black-22.1.0-cp37-cp37m-macosx_10_9_x86_64.whl", hash = "sha256:dae63f2dbf82882fa3b2a3c49c32bffe144970a573cd68d247af6560fc493ae1"},
    {file = "black-22.1.0-cp37-cp37m-manylinux_2_17_x86_64.manylinux2014_x86_64.whl", hash = "sha256:5fa1db02410b1924b6749c245ab38d30621564e658297484952f3d8a39fce7e8"},
    {file = "black-22.1.0-cp37-cp37m-win_amd64.whl", hash = "sha256:c8226f50b8c34a14608b848dc23a46e5d08397d009446353dad45e04af0c8e28"},
    {file = "black-22.1.0-cp38-cp38-macosx_10_9_universal2.whl", hash = "sha256:2d6f331c02f0f40aa51a22e479c8209d37fcd520c77721c034517d44eecf5912"},
    {file = "black-22.1.0-cp38-cp38-macosx_10_9_x86_64.whl", hash = "sha256:742ce9af3086e5bd07e58c8feb09dbb2b047b7f566eb5f5bc63fd455814979f3"},
    {file = "black-22.1.0-cp38-cp38-macosx_11_0_arm64.whl", hash = "sha256:fdb8754b453fb15fad3f72cd9cad3e16776f0964d67cf30ebcbf10327a3777a3"},
    {file = "black-22.1.0-cp38-cp38-manylinux_2_17_x86_64.manylinux2014_x86_64.whl", hash = "sha256:f5660feab44c2e3cb24b2419b998846cbb01c23c7fe645fee45087efa3da2d61"},
    {file = "black-22.1.0-cp38-cp38-win_amd64.whl", hash = "sha256:6f2f01381f91c1efb1451998bd65a129b3ed6f64f79663a55fe0e9b74a5f81fd"},
    {file = "black-22.1.0-cp39-cp39-macosx_10_9_universal2.whl", hash = "sha256:efbadd9b52c060a8fc3b9658744091cb33c31f830b3f074422ed27bad2b18e8f"},
    {file = "black-22.1.0-cp39-cp39-macosx_10_9_x86_64.whl", hash = "sha256:8871fcb4b447206904932b54b567923e5be802b9b19b744fdff092bd2f3118d0"},
    {file = "black-22.1.0-cp39-cp39-macosx_11_0_arm64.whl", hash = "sha256:ccad888050f5393f0d6029deea2a33e5ae371fd182a697313bdbd835d3edaf9c"},
    {file = "black-22.1.0-cp39-cp39-manylinux_2_17_x86_64.manylinux2014_x86_64.whl", hash = "sha256:07e5c049442d7ca1a2fc273c79d1aecbbf1bc858f62e8184abe1ad175c4f7cc2"},
    {file = "black-22.1.0-cp39-cp39-win_amd64.whl", hash = "sha256:373922fc66676133ddc3e754e4509196a8c392fec3f5ca4486673e685a421321"},
    {file = "black-22.1.0-py3-none-any.whl", hash = "sha256:3524739d76b6b3ed1132422bf9d82123cd1705086723bc3e235ca39fd21c667d"},
    {file = "black-22.1.0.tar.gz", hash = "sha256:a7c0192d35635f6fc1174be575cb7915e92e5dd629ee79fdaf0dcfa41a80afb5"},
]
brotli = [
    {file = "Brotli-1.0.9-cp27-cp27m-macosx_10_9_x86_64.whl", hash = "sha256:268fe94547ba25b58ebc724680609c8ee3e5a843202e9a381f6f9c5e8bdb5c70"},
    {file = "Brotli-1.0.9-cp27-cp27m-manylinux1_i686.whl", hash = "sha256:c2415d9d082152460f2bd4e382a1e85aed233abc92db5a3880da2257dc7daf7b"},
    {file = "Brotli-1.0.9-cp27-cp27m-manylinux1_x86_64.whl", hash = "sha256:5913a1177fc36e30fcf6dc868ce23b0453952c78c04c266d3149b3d39e1410d6"},
    {file = "Brotli-1.0.9-cp27-cp27m-win32.whl", hash = "sha256:afde17ae04d90fbe53afb628f7f2d4ca022797aa093e809de5c3cf276f61bbfa"},
    {file = "Brotli-1.0.9-cp27-cp27mu-manylinux1_i686.whl", hash = "sha256:7cb81373984cc0e4682f31bc3d6be9026006d96eecd07ea49aafb06897746452"},
    {file = "Brotli-1.0.9-cp27-cp27mu-manylinux1_x86_64.whl", hash = "sha256:db844eb158a87ccab83e868a762ea8024ae27337fc7ddcbfcddd157f841fdfe7"},
    {file = "Brotli-1.0.9-cp310-cp310-macosx_10_9_universal2.whl", hash = "sha256:9744a863b489c79a73aba014df554b0e7a0fc44ef3f8a0ef2a52919c7d155031"},
    {file = "Brotli-1.0.9-cp310-cp310-macosx_10_9_x86_64.whl", hash = "sha256:a72661af47119a80d82fa583b554095308d6a4c356b2a554fdc2799bc19f2a43"},
    {file = "Brotli-1.0.9-cp310-cp310-manylinux_2_17_aarch64.manylinux2014_aarch64.whl", hash = "sha256:7ee83d3e3a024a9618e5be64648d6d11c37047ac48adff25f12fa4226cf23d1c"},
    {file = "Brotli-1.0.9-cp310-cp310-manylinux_2_5_i686.manylinux1_i686.manylinux_2_12_i686.manylinux2010_i686.whl", hash = "sha256:19598ecddd8a212aedb1ffa15763dd52a388518c4550e615aed88dc3753c0f0c"},
    {file = "Brotli-1.0.9-cp310-cp310-manylinux_2_5_x86_64.manylinux1_x86_64.manylinux_2_12_x86_64.manylinux2010_x86_64.whl", hash = "sha256:44bb8ff420c1d19d91d79d8c3574b8954288bdff0273bf788954064d260d7ab0"},
    {file = "Brotli-1.0.9-cp310-cp310-musllinux_1_1_aarch64.whl", hash = "sha256:e23281b9a08ec338469268f98f194658abfb13658ee98e2b7f85ee9dd06caa91"},
    {file = "Brotli-1.0.9-cp310-cp310-musllinux_1_1_i686.whl", hash = "sha256:3496fc835370da351d37cada4cf744039616a6db7d13c430035e901443a34daa"},
    {file = "Brotli-1.0.9-cp310-cp310-musllinux_1_1_x86_64.whl", hash = "sha256:b83bb06a0192cccf1eb8d0a28672a1b79c74c3a8a5f2619625aeb6f28b3a82bb"},
    {file = "Brotli-1.0.9-cp310-cp310-win32.whl", hash = "sha256:26d168aac4aaec9a4394221240e8a5436b5634adc3cd1cdf637f6645cecbf181"},
    {file = "Brotli-1.0.9-cp310-cp310-win_amd64.whl", hash = "sha256:622a231b08899c864eb87e85f81c75e7b9ce05b001e59bbfbf43d4a71f5f32b2"},
    {file = "Brotli-1.0.9-cp35-cp35m-macosx_10_6_intel.whl", hash = "sha256:c83aa123d56f2e060644427a882a36b3c12db93727ad7a7b9efd7d7f3e9cc2c4"},
    {file = "Brotli-1.0.9-cp35-cp35m-manylinux1_i686.whl", hash = "sha256:6b2ae9f5f67f89aade1fab0f7fd8f2832501311c363a21579d02defa844d9296"},
    {file = "Brotli-1.0.9-cp35-cp35m-manylinux1_x86_64.whl", hash = "sha256:68715970f16b6e92c574c30747c95cf8cf62804569647386ff032195dc89a430"},
    {file = "Brotli-1.0.9-cp35-cp35m-win32.whl", hash = "sha256:defed7ea5f218a9f2336301e6fd379f55c655bea65ba2476346340a0ce6f74a1"},
    {file = "Brotli-1.0.9-cp35-cp35m-win_amd64.whl", hash = "sha256:88c63a1b55f352b02c6ffd24b15ead9fc0e8bf781dbe070213039324922a2eea"},
    {file = "Brotli-1.0.9-cp36-cp36m-macosx_10_9_x86_64.whl", hash = "sha256:503fa6af7da9f4b5780bb7e4cbe0c639b010f12be85d02c99452825dd0feef3f"},
    {file = "Brotli-1.0.9-cp36-cp36m-manylinux1_i686.whl", hash = "sha256:40d15c79f42e0a2c72892bf407979febd9cf91f36f495ffb333d1d04cebb34e4"},
    {file = "Brotli-1.0.9-cp36-cp36m-manylinux1_x86_64.whl", hash = "sha256:93130612b837103e15ac3f9cbacb4613f9e348b58b3aad53721d92e57f96d46a"},
    {file = "Brotli-1.0.9-cp36-cp36m-manylinux_2_17_aarch64.manylinux2014_aarch64.whl", hash = "sha256:87fdccbb6bb589095f413b1e05734ba492c962b4a45a13ff3408fa44ffe6479b"},
    {file = "Brotli-1.0.9-cp36-cp36m-musllinux_1_1_aarch64.whl", hash = "sha256:6d847b14f7ea89f6ad3c9e3901d1bc4835f6b390a9c71df999b0162d9bb1e20f"},
    {file = "Brotli-1.0.9-cp36-cp36m-musllinux_1_1_i686.whl", hash = "sha256:495ba7e49c2db22b046a53b469bbecea802efce200dffb69b93dd47397edc9b6"},
    {file = "Brotli-1.0.9-cp36-cp36m-musllinux_1_1_x86_64.whl", hash = "sha256:4688c1e42968ba52e57d8670ad2306fe92e0169c6f3af0089be75bbac0c64a3b"},
    {file = "Brotli-1.0.9-cp36-cp36m-win32.whl", hash = "sha256:61a7ee1f13ab913897dac7da44a73c6d44d48a4adff42a5701e3239791c96e14"},
    {file = "Brotli-1.0.9-cp36-cp36m-win_amd64.whl", hash = "sha256:1c48472a6ba3b113452355b9af0a60da5c2ae60477f8feda8346f8fd48e3e87c"},
    {file = "Brotli-1.0.9-cp37-cp37m-macosx_10_9_x86_64.whl", hash = "sha256:3b78a24b5fd13c03ee2b7b86290ed20efdc95da75a3557cc06811764d5ad1126"},
    {file = "Brotli-1.0.9-cp37-cp37m-manylinux1_i686.whl", hash = "sha256:9d12cf2851759b8de8ca5fde36a59c08210a97ffca0eb94c532ce7b17c6a3d1d"},
    {file = "Brotli-1.0.9-cp37-cp37m-manylinux1_x86_64.whl", hash = "sha256:6c772d6c0a79ac0f414a9f8947cc407e119b8598de7621f39cacadae3cf57d12"},
    {file = "Brotli-1.0.9-cp37-cp37m-manylinux_2_17_aarch64.manylinux2014_aarch64.whl", hash = "sha256:29d1d350178e5225397e28ea1b7aca3648fcbab546d20e7475805437bfb0a130"},
    {file = "Brotli-1.0.9-cp37-cp37m-musllinux_1_1_aarch64.whl", hash = "sha256:7bbff90b63328013e1e8cb50650ae0b9bac54ffb4be6104378490193cd60f85a"},
    {file = "Brotli-1.0.9-cp37-cp37m-musllinux_1_1_i686.whl", hash = "sha256:ec1947eabbaf8e0531e8e899fc1d9876c179fc518989461f5d24e2223395a9e3"},
    {file = "Brotli-1.0.9-cp37-cp37m-musllinux_1_1_x86_64.whl", hash = "sha256:12effe280b8ebfd389022aa65114e30407540ccb89b177d3fbc9a4f177c4bd5d"},
    {file = "Brotli-1.0.9-cp37-cp37m-win32.whl", hash = "sha256:f909bbbc433048b499cb9db9e713b5d8d949e8c109a2a548502fb9aa8630f0b1"},
    {file = "Brotli-1.0.9-cp37-cp37m-win_amd64.whl", hash = "sha256:97f715cf371b16ac88b8c19da00029804e20e25f30d80203417255d239f228b5"},
    {file = "Brotli-1.0.9-cp38-cp38-macosx_10_9_universal2.whl", hash = "sha256:e16eb9541f3dd1a3e92b89005e37b1257b157b7256df0e36bd7b33b50be73bcb"},
    {file = "Brotli-1.0.9-cp38-cp38-macosx_10_9_x86_64.whl", hash = "sha256:160c78292e98d21e73a4cc7f76a234390e516afcd982fa17e1422f7c6a9ce9c8"},
    {file = "Brotli-1.0.9-cp38-cp38-manylinux1_i686.whl", hash = "sha256:b663f1e02de5d0573610756398e44c130add0eb9a3fc912a09665332942a2efb"},
    {file = "Brotli-1.0.9-cp38-cp38-manylinux1_x86_64.whl", hash = "sha256:5b6ef7d9f9c38292df3690fe3e302b5b530999fa90014853dcd0d6902fb59f26"},
    {file = "Brotli-1.0.9-cp38-cp38-manylinux_2_17_aarch64.manylinux2014_aarch64.whl", hash = "sha256:8a674ac10e0a87b683f4fa2b6fa41090edfd686a6524bd8dedbd6138b309175c"},
    {file = "Brotli-1.0.9-cp38-cp38-musllinux_1_1_aarch64.whl", hash = "sha256:e2d9e1cbc1b25e22000328702b014227737756f4b5bf5c485ac1d8091ada078b"},
    {file = "Brotli-1.0.9-cp38-cp38-musllinux_1_1_i686.whl", hash = "sha256:b336c5e9cf03c7be40c47b5fd694c43c9f1358a80ba384a21969e0b4e66a9b17"},
    {file = "Brotli-1.0.9-cp38-cp38-musllinux_1_1_x86_64.whl", hash = "sha256:85f7912459c67eaab2fb854ed2bc1cc25772b300545fe7ed2dc03954da638649"},
    {file = "Brotli-1.0.9-cp38-cp38-win32.whl", hash = "sha256:35a3edbe18e876e596553c4007a087f8bcfd538f19bc116917b3c7522fca0429"},
    {file = "Brotli-1.0.9-cp38-cp38-win_amd64.whl", hash = "sha256:269a5743a393c65db46a7bb982644c67ecba4b8d91b392403ad8a861ba6f495f"},
    {file = "Brotli-1.0.9-cp39-cp39-macosx_10_9_universal2.whl", hash = "sha256:2aad0e0baa04517741c9bb5b07586c642302e5fb3e75319cb62087bd0995ab19"},
    {file = "Brotli-1.0.9-cp39-cp39-macosx_10_9_x86_64.whl", hash = "sha256:5cb1e18167792d7d21e21365d7650b72d5081ed476123ff7b8cac7f45189c0c7"},
    {file = "Brotli-1.0.9-cp39-cp39-manylinux1_i686.whl", hash = "sha256:16d528a45c2e1909c2798f27f7bf0a3feec1dc9e50948e738b961618e38b6a7b"},
    {file = "Brotli-1.0.9-cp39-cp39-manylinux1_x86_64.whl", hash = "sha256:56d027eace784738457437df7331965473f2c0da2c70e1a1f6fdbae5402e0389"},
    {file = "Brotli-1.0.9-cp39-cp39-manylinux_2_17_aarch64.manylinux2014_aarch64.whl", hash = "sha256:9bf919756d25e4114ace16a8ce91eb340eb57a08e2c6950c3cebcbe3dff2a5e7"},
    {file = "Brotli-1.0.9-cp39-cp39-musllinux_1_1_aarch64.whl", hash = "sha256:e4c4e92c14a57c9bd4cb4be678c25369bf7a092d55fd0866f759e425b9660806"},
    {file = "Brotli-1.0.9-cp39-cp39-musllinux_1_1_i686.whl", hash = "sha256:e48f4234f2469ed012a98f4b7874e7f7e173c167bed4934912a29e03167cf6b1"},
    {file = "Brotli-1.0.9-cp39-cp39-musllinux_1_1_x86_64.whl", hash = "sha256:9ed4c92a0665002ff8ea852353aeb60d9141eb04109e88928026d3c8a9e5433c"},
    {file = "Brotli-1.0.9-cp39-cp39-win32.whl", hash = "sha256:cfc391f4429ee0a9370aa93d812a52e1fee0f37a81861f4fdd1f4fb28e8547c3"},
    {file = "Brotli-1.0.9-cp39-cp39-win_amd64.whl", hash = "sha256:854c33dad5ba0fbd6ab69185fec8dab89e13cda6b7d191ba111987df74f38761"},
    {file = "Brotli-1.0.9-pp37-pypy37_pp73-macosx_10_9_x86_64.whl", hash = "sha256:9749a124280a0ada4187a6cfd1ffd35c350fb3af79c706589d98e088c5044267"},
    {file = "Brotli-1.0.9-pp37-pypy37_pp73-win_amd64.whl", hash = "sha256:76ffebb907bec09ff511bb3acc077695e2c32bc2142819491579a695f77ffd4d"},
    {file = "Brotli-1.0.9.zip", hash = "sha256:4d1b810aa0ed773f81dceda2cc7b403d01057458730e309856356d4ef4188438"},
]
click = [
    {file = "click-8.0.3-py3-none-any.whl", hash = "sha256:353f466495adaeb40b6b5f592f9f91cb22372351c84caeb068132442a4518ef3"},
    {file = "click-8.0.3.tar.gz", hash = "sha256:410e932b050f5eed773c4cda94de75971c89cdb3155a72a0831139a79e5ecb5b"},
]
colorama = [
    {file = "colorama-0.4.4-py2.py3-none-any.whl", hash = "sha256:9f47eda37229f68eee03b24b9748937c7dc3868f906e8ba69fbcbdd3bc5dc3e2"},
    {file = "colorama-0.4.4.tar.gz", hash = "sha256:5941b2b48a20143d2267e95b1c2a7603ce057ee39fd88e7329b0c292aa16869b"},
]
dash = [
    {file = "dash-2.1.0-py3-none-any.whl", hash = "sha256:5c19cddad8dcf473ce0cc9a8aa40f7fc8f2b7856f7daad1f8bcd992a8203b8c0"},
    {file = "dash-2.1.0.tar.gz", hash = "sha256:b5b29a3e2862a6700cf50582d81bda4edfe57d47e1c71c519a6c87f9187587e5"},
]
dash-bootstrap-components = [
    {file = "dash-bootstrap-components-1.0.3.tar.gz", hash = "sha256:d054aed4a162526810a86d80b8682ba2f2047d54baf12a6a28b4fddf45043243"},
    {file = "dash_bootstrap_components-1.0.3-py3-none-any.whl", hash = "sha256:409e9db7c5013c7f3ce94dc91a00639623191d1f0835be7cbb204228625a452c"},
]
dash-core-components = [
    {file = "dash_core_components-2.0.0.tar.gz", hash = "sha256:c6733874af975e552f95a1398a16c2ee7df14ce43fa60bb3718a3c6e0b63ffee"},
]
dash-html-components = [
    {file = "dash_html_components-2.0.0.tar.gz", hash = "sha256:8703a601080f02619a6390998e0b3da4a5daabe97a1fd7a9cebc09d015f26e50"},
]
dash-table = [
    {file = "dash_table-5.0.0.tar.gz", hash = "sha256:18624d693d4c8ef2ddec99a6f167593437a7ea0bf153aa20f318c170c5bc7308"},
]
flask = [
    {file = "Flask-2.0.2-py3-none-any.whl", hash = "sha256:cb90f62f1d8e4dc4621f52106613488b5ba826b2e1e10a33eac92f723093ab6a"},
    {file = "Flask-2.0.2.tar.gz", hash = "sha256:7b2fb8e934ddd50731893bdcdb00fc8c0315916f9fcd50d22c7cc1a95ab634e2"},
]
flask-compress = [
    {file = "Flask-Compress-1.10.1.tar.gz", hash = "sha256:28352387efbbe772cfb307570019f81957a13ff718d994a9125fa705efb73680"},
    {file = "Flask_Compress-1.10.1-py3-none-any.whl", hash = "sha256:a6c2d1ff51771e9b39d7a612754f4cb4e8af20cebe16b02fd19d98d8dd6966e5"},
]
gunicorn = [
    {file = "gunicorn-20.1.0-py3-none-any.whl", hash = "sha256:9dcc4547dbb1cb284accfb15ab5667a0e5d1881cc443e0677b4882a4067a807e"},
    {file = "gunicorn-20.1.0.tar.gz", hash = "sha256:e0a968b5ba15f8a328fdfd7ab1fcb5af4470c28aaf7e55df02a99bc13138e6e8"},
]
itsdangerous = [
    {file = "itsdangerous-2.0.1-py3-none-any.whl", hash = "sha256:5174094b9637652bdb841a3029700391451bd092ba3db90600dea710ba28e97c"},
    {file = "itsdangerous-2.0.1.tar.gz", hash = "sha256:9e724d68fc22902a1435351f84c3fb8623f303fffcc566a4cb952df8c572cff0"},
]
jinja2 = [
    {file = "Jinja2-3.0.3-py3-none-any.whl", hash = "sha256:077ce6014f7b40d03b47d1f1ca4b0fc8328a692bd284016f806ed0eaca390ad8"},
    {file = "Jinja2-3.0.3.tar.gz", hash = "sha256:611bb273cd68f3b993fabdc4064fc858c5b47a973cb5aa7999ec1ba405c87cd7"},
]
markupsafe = [
    {file = "MarkupSafe-2.0.1-cp310-cp310-macosx_10_9_universal2.whl", hash = "sha256:d8446c54dc28c01e5a2dbac5a25f071f6653e6e40f3a8818e8b45d790fe6ef53"},
    {file = "MarkupSafe-2.0.1-cp310-cp310-macosx_10_9_x86_64.whl", hash = "sha256:36bc903cbb393720fad60fc28c10de6acf10dc6cc883f3e24ee4012371399a38"},
    {file = "MarkupSafe-2.0.1-cp310-cp310-manylinux_2_17_aarch64.manylinux2014_aarch64.whl", hash = "sha256:2d7d807855b419fc2ed3e631034685db6079889a1f01d5d9dac950f764da3dad"},
    {file = "MarkupSafe-2.0.1-cp310-cp310-manylinux_2_5_i686.manylinux1_i686.manylinux_2_12_i686.manylinux2010_i686.whl", hash = "sha256:add36cb2dbb8b736611303cd3bfcee00afd96471b09cda130da3581cbdc56a6d"},
    {file = "MarkupSafe-2.0.1-cp310-cp310-manylinux_2_5_x86_64.manylinux1_x86_64.manylinux_2_12_x86_64.manylinux2010_x86_64.whl", hash = "sha256:168cd0a3642de83558a5153c8bd34f175a9a6e7f6dc6384b9655d2697312a646"},
    {file = "MarkupSafe-2.0.1-cp310-cp310-musllinux_1_1_aarch64.whl", hash = "sha256:4dc8f9fb58f7364b63fd9f85013b780ef83c11857ae79f2feda41e270468dd9b"},
    {file = "MarkupSafe-2.0.1-cp310-cp310-musllinux_1_1_i686.whl", hash = "sha256:20dca64a3ef2d6e4d5d615a3fd418ad3bde77a47ec8a23d984a12b5b4c74491a"},
    {file = "MarkupSafe-2.0.1-cp310-cp310-musllinux_1_1_x86_64.whl", hash = "sha256:cdfba22ea2f0029c9261a4bd07e830a8da012291fbe44dc794e488b6c9bb353a"},
    {file = "MarkupSafe-2.0.1-cp310-cp310-win32.whl", hash = "sha256:99df47edb6bda1249d3e80fdabb1dab8c08ef3975f69aed437cb69d0a5de1e28"},
    {file = "MarkupSafe-2.0.1-cp310-cp310-win_amd64.whl", hash = "sha256:e0f138900af21926a02425cf736db95be9f4af72ba1bb21453432a07f6082134"},
    {file = "MarkupSafe-2.0.1-cp36-cp36m-macosx_10_9_x86_64.whl", hash = "sha256:f9081981fe268bd86831e5c75f7de206ef275defcb82bc70740ae6dc507aee51"},
    {file = "MarkupSafe-2.0.1-cp36-cp36m-manylinux1_i686.whl", hash = "sha256:0955295dd5eec6cb6cc2fe1698f4c6d84af2e92de33fbcac4111913cd100a6ff"},
    {file = "MarkupSafe-2.0.1-cp36-cp36m-manylinux1_x86_64.whl", hash = "sha256:0446679737af14f45767963a1a9ef7620189912317d095f2d9ffa183a4d25d2b"},
    {file = "MarkupSafe-2.0.1-cp36-cp36m-manylinux2010_i686.whl", hash = "sha256:f826e31d18b516f653fe296d967d700fddad5901ae07c622bb3705955e1faa94"},
    {file = "MarkupSafe-2.0.1-cp36-cp36m-manylinux2010_x86_64.whl", hash = "sha256:fa130dd50c57d53368c9d59395cb5526eda596d3ffe36666cd81a44d56e48872"},
    {file = "MarkupSafe-2.0.1-cp36-cp36m-manylinux2014_aarch64.whl", hash = "sha256:905fec760bd2fa1388bb5b489ee8ee5f7291d692638ea5f67982d968366bef9f"},
    {file = "MarkupSafe-2.0.1-cp36-cp36m-manylinux_2_17_aarch64.manylinux2014_aarch64.whl", hash = "sha256:bf5d821ffabf0ef3533c39c518f3357b171a1651c1ff6827325e4489b0e46c3c"},
    {file = "MarkupSafe-2.0.1-cp36-cp36m-manylinux_2_5_i686.manylinux1_i686.manylinux_2_12_i686.manylinux2010_i686.whl", hash = "sha256:0d4b31cc67ab36e3392bbf3862cfbadac3db12bdd8b02a2731f509ed5b829724"},
    {file = "MarkupSafe-2.0.1-cp36-cp36m-manylinux_2_5_x86_64.manylinux1_x86_64.manylinux_2_12_x86_64.manylinux2010_x86_64.whl", hash = "sha256:baa1a4e8f868845af802979fcdbf0bb11f94f1cb7ced4c4b8a351bb60d108145"},
    {file = "MarkupSafe-2.0.1-cp36-cp36m-musllinux_1_1_aarch64.whl", hash = "sha256:deb993cacb280823246a026e3b2d81c493c53de6acfd5e6bfe31ab3402bb37dd"},
    {file = "MarkupSafe-2.0.1-cp36-cp36m-musllinux_1_1_i686.whl", hash = "sha256:63f3268ba69ace99cab4e3e3b5840b03340efed0948ab8f78d2fd87ee5442a4f"},
    {file = "MarkupSafe-2.0.1-cp36-cp36m-musllinux_1_1_x86_64.whl", hash = "sha256:8d206346619592c6200148b01a2142798c989edcb9c896f9ac9722a99d4e77e6"},
    {file = "MarkupSafe-2.0.1-cp36-cp36m-win32.whl", hash = "sha256:6c4ca60fa24e85fe25b912b01e62cb969d69a23a5d5867682dd3e80b5b02581d"},
    {file = "MarkupSafe-2.0.1-cp36-cp36m-win_amd64.whl", hash = "sha256:b2f4bf27480f5e5e8ce285a8c8fd176c0b03e93dcc6646477d4630e83440c6a9"},
    {file = "MarkupSafe-2.0.1-cp37-cp37m-macosx_10_9_x86_64.whl", hash = "sha256:0717a7390a68be14b8c793ba258e075c6f4ca819f15edfc2a3a027c823718567"},
    {file = "MarkupSafe-2.0.1-cp37-cp37m-manylinux1_i686.whl", hash = "sha256:6557b31b5e2c9ddf0de32a691f2312a32f77cd7681d8af66c2692efdbef84c18"},
    {file = "MarkupSafe-2.0.1-cp37-cp37m-manylinux1_x86_64.whl", hash = "sha256:49e3ceeabbfb9d66c3aef5af3a60cc43b85c33df25ce03d0031a608b0a8b2e3f"},
    {file = "MarkupSafe-2.0.1-cp37-cp37m-manylinux2010_i686.whl", hash = "sha256:d7f9850398e85aba693bb640262d3611788b1f29a79f0c93c565694658f4071f"},
    {file = "MarkupSafe-2.0.1-cp37-cp37m-manylinux2010_x86_64.whl", hash = "sha256:6a7fae0dd14cf60ad5ff42baa2e95727c3d81ded453457771d02b7d2b3f9c0c2"},
    {file = "MarkupSafe-2.0.1-cp37-cp37m-manylinux2014_aarch64.whl", hash = "sha256:b7f2d075102dc8c794cbde1947378051c4e5180d52d276987b8d28a3bd58c17d"},
    {file = "MarkupSafe-2.0.1-cp37-cp37m-manylinux_2_17_aarch64.manylinux2014_aarch64.whl", hash = "sha256:e9936f0b261d4df76ad22f8fee3ae83b60d7c3e871292cd42f40b81b70afae85"},
    {file = "MarkupSafe-2.0.1-cp37-cp37m-manylinux_2_5_i686.manylinux1_i686.manylinux_2_12_i686.manylinux2010_i686.whl", hash = "sha256:2a7d351cbd8cfeb19ca00de495e224dea7e7d919659c2841bbb7f420ad03e2d6"},
    {file = "MarkupSafe-2.0.1-cp37-cp37m-manylinux_2_5_x86_64.manylinux1_x86_64.manylinux_2_12_x86_64.manylinux2010_x86_64.whl", hash = "sha256:60bf42e36abfaf9aff1f50f52644b336d4f0a3fd6d8a60ca0d054ac9f713a864"},
    {file = "MarkupSafe-2.0.1-cp37-cp37m-musllinux_1_1_aarch64.whl", hash = "sha256:d6c7ebd4e944c85e2c3421e612a7057a2f48d478d79e61800d81468a8d842207"},
    {file = "MarkupSafe-2.0.1-cp37-cp37m-musllinux_1_1_i686.whl", hash = "sha256:f0567c4dc99f264f49fe27da5f735f414c4e7e7dd850cfd8e69f0862d7c74ea9"},
    {file = "MarkupSafe-2.0.1-cp37-cp37m-musllinux_1_1_x86_64.whl", hash = "sha256:89c687013cb1cd489a0f0ac24febe8c7a666e6e221b783e53ac50ebf68e45d86"},
    {file = "MarkupSafe-2.0.1-cp37-cp37m-win32.whl", hash = "sha256:a30e67a65b53ea0a5e62fe23682cfe22712e01f453b95233b25502f7c61cb415"},
    {file = "MarkupSafe-2.0.1-cp37-cp37m-win_amd64.whl", hash = "sha256:611d1ad9a4288cf3e3c16014564df047fe08410e628f89805e475368bd304914"},
    {file = "MarkupSafe-2.0.1-cp38-cp38-macosx_10_9_universal2.whl", hash = "sha256:5bb28c636d87e840583ee3adeb78172efc47c8b26127267f54a9c0ec251d41a9"},
    {file = "MarkupSafe-2.0.1-cp38-cp38-macosx_10_9_x86_64.whl", hash = "sha256:be98f628055368795d818ebf93da628541e10b75b41c559fdf36d104c5787066"},
    {file = "MarkupSafe-2.0.1-cp38-cp38-manylinux1_i686.whl", hash = "sha256:1d609f577dc6e1aa17d746f8bd3c31aa4d258f4070d61b2aa5c4166c1539de35"},
    {file = "MarkupSafe-2.0.1-cp38-cp38-manylinux1_x86_64.whl", hash = "sha256:7d91275b0245b1da4d4cfa07e0faedd5b0812efc15b702576d103293e252af1b"},
    {file = "MarkupSafe-2.0.1-cp38-cp38-manylinux2010_i686.whl", hash = "sha256:01a9b8ea66f1658938f65b93a85ebe8bc016e6769611be228d797c9d998dd298"},
    {file = "MarkupSafe-2.0.1-cp38-cp38-manylinux2010_x86_64.whl", hash = "sha256:47ab1e7b91c098ab893b828deafa1203de86d0bc6ab587b160f78fe6c4011f75"},
    {file = "MarkupSafe-2.0.1-cp38-cp38-manylinux2014_aarch64.whl", hash = "sha256:97383d78eb34da7e1fa37dd273c20ad4320929af65d156e35a5e2d89566d9dfb"},
    {file = "MarkupSafe-2.0.1-cp38-cp38-manylinux_2_17_aarch64.manylinux2014_aarch64.whl", hash = "sha256:6fcf051089389abe060c9cd7caa212c707e58153afa2c649f00346ce6d260f1b"},
    {file = "MarkupSafe-2.0.1-cp38-cp38-manylinux_2_5_i686.manylinux1_i686.manylinux_2_12_i686.manylinux2010_i686.whl", hash = "sha256:5855f8438a7d1d458206a2466bf82b0f104a3724bf96a1c781ab731e4201731a"},
    {file = "MarkupSafe-2.0.1-cp38-cp38-manylinux_2_5_x86_64.manylinux1_x86_64.manylinux_2_12_x86_64.manylinux2010_x86_64.whl", hash = "sha256:3dd007d54ee88b46be476e293f48c85048603f5f516008bee124ddd891398ed6"},
    {file = "MarkupSafe-2.0.1-cp38-cp38-musllinux_1_1_aarch64.whl", hash = "sha256:aca6377c0cb8a8253e493c6b451565ac77e98c2951c45f913e0b52facdcff83f"},
    {file = "MarkupSafe-2.0.1-cp38-cp38-musllinux_1_1_i686.whl", hash = "sha256:04635854b943835a6ea959e948d19dcd311762c5c0c6e1f0e16ee57022669194"},
    {file = "MarkupSafe-2.0.1-cp38-cp38-musllinux_1_1_x86_64.whl", hash = "sha256:6300b8454aa6930a24b9618fbb54b5a68135092bc666f7b06901f897fa5c2fee"},
    {file = "MarkupSafe-2.0.1-cp38-cp38-win32.whl", hash = "sha256:023cb26ec21ece8dc3907c0e8320058b2e0cb3c55cf9564da612bc325bed5e64"},
    {file = "MarkupSafe-2.0.1-cp38-cp38-win_amd64.whl", hash = "sha256:984d76483eb32f1bcb536dc27e4ad56bba4baa70be32fa87152832cdd9db0833"},
    {file = "MarkupSafe-2.0.1-cp39-cp39-macosx_10_9_universal2.whl", hash = "sha256:2ef54abee730b502252bcdf31b10dacb0a416229b72c18b19e24a4509f273d26"},
    {file = "MarkupSafe-2.0.1-cp39-cp39-macosx_10_9_x86_64.whl", hash = "sha256:3c112550557578c26af18a1ccc9e090bfe03832ae994343cfdacd287db6a6ae7"},
    {file = "MarkupSafe-2.0.1-cp39-cp39-manylinux1_i686.whl", hash = "sha256:53edb4da6925ad13c07b6d26c2a852bd81e364f95301c66e930ab2aef5b5ddd8"},
    {file = "MarkupSafe-2.0.1-cp39-cp39-manylinux1_x86_64.whl", hash = "sha256:f5653a225f31e113b152e56f154ccbe59eeb1c7487b39b9d9f9cdb58e6c79dc5"},
    {file = "MarkupSafe-2.0.1-cp39-cp39-manylinux2010_i686.whl", hash = "sha256:4efca8f86c54b22348a5467704e3fec767b2db12fc39c6d963168ab1d3fc9135"},
    {file = "MarkupSafe-2.0.1-cp39-cp39-manylinux2010_x86_64.whl", hash = "sha256:ab3ef638ace319fa26553db0624c4699e31a28bb2a835c5faca8f8acf6a5a902"},
    {file = "MarkupSafe-2.0.1-cp39-cp39-manylinux2014_aarch64.whl", hash = "sha256:f8ba0e8349a38d3001fae7eadded3f6606f0da5d748ee53cc1dab1d6527b9509"},
    {file = "MarkupSafe-2.0.1-cp39-cp39-manylinux_2_17_aarch64.manylinux2014_aarch64.whl", hash = "sha256:c47adbc92fc1bb2b3274c4b3a43ae0e4573d9fbff4f54cd484555edbf030baf1"},
    {file = "MarkupSafe-2.0.1-cp39-cp39-manylinux_2_5_i686.manylinux1_i686.manylinux_2_12_i686.manylinux2010_i686.whl", hash = "sha256:37205cac2a79194e3750b0af2a5720d95f786a55ce7df90c3af697bfa100eaac"},
    {file = "MarkupSafe-2.0.1-cp39-cp39-manylinux_2_5_x86_64.manylinux1_x86_64.manylinux_2_12_x86_64.manylinux2010_x86_64.whl", hash = "sha256:1f2ade76b9903f39aa442b4aadd2177decb66525062db244b35d71d0ee8599b6"},
    {file = "MarkupSafe-2.0.1-cp39-cp39-musllinux_1_1_aarch64.whl", hash = "sha256:4296f2b1ce8c86a6aea78613c34bb1a672ea0e3de9c6ba08a960efe0b0a09047"},
    {file = "MarkupSafe-2.0.1-cp39-cp39-musllinux_1_1_i686.whl", hash = "sha256:9f02365d4e99430a12647f09b6cc8bab61a6564363f313126f775eb4f6ef798e"},
    {file = "MarkupSafe-2.0.1-cp39-cp39-musllinux_1_1_x86_64.whl", hash = "sha256:5b6d930f030f8ed98e3e6c98ffa0652bdb82601e7a016ec2ab5d7ff23baa78d1"},
    {file = "MarkupSafe-2.0.1-cp39-cp39-win32.whl", hash = "sha256:10f82115e21dc0dfec9ab5c0223652f7197feb168c940f3ef61563fc2d6beb74"},
    {file = "MarkupSafe-2.0.1-cp39-cp39-win_amd64.whl", hash = "sha256:693ce3f9e70a6cf7d2fb9e6c9d8b204b6b39897a2c4a1aa65728d5ac97dcc1d8"},
    {file = "MarkupSafe-2.0.1.tar.gz", hash = "sha256:594c67807fb16238b30c44bdf74f36c02cdf22d1c8cda91ef8a0ed8dabf5620a"},
]
mypy-extensions = [
    {file = "mypy_extensions-0.4.3-py2.py3-none-any.whl", hash = "sha256:090fedd75945a69ae91ce1303b5824f428daf5a028d2f6ab8a299250a846f15d"},
    {file = "mypy_extensions-0.4.3.tar.gz", hash = "sha256:2d82818f5bb3e369420cb3c4060a7970edba416647068eb4c5343488a6c604a8"},
]
numpy = [
    {file = "numpy-1.22.2-cp310-cp310-macosx_10_14_x86_64.whl", hash = "sha256:515a8b6edbb904594685da6e176ac9fbea8f73a5ebae947281de6613e27f1956"},
    {file = "numpy-1.22.2-cp310-cp310-macosx_11_0_arm64.whl", hash = "sha256:76a4f9bce0278becc2da7da3b8ef854bed41a991f4226911a24a9711baad672c"},
    {file = "numpy-1.22.2-cp310-cp310-manylinux_2_17_aarch64.manylinux2014_aarch64.whl", hash = "sha256:168259b1b184aa83a514f307352c25c56af111c269ffc109d9704e81f72e764b"},
    {file = "numpy-1.22.2-cp310-cp310-manylinux_2_17_x86_64.manylinux2014_x86_64.whl", hash = "sha256:3556c5550de40027d3121ebbb170f61bbe19eb639c7ad0c7b482cd9b560cd23b"},
    {file = "numpy-1.22.2-cp310-cp310-win_amd64.whl", hash = "sha256:aafa46b5a39a27aca566198d3312fb3bde95ce9677085efd02c86f7ef6be4ec7"},
    {file = "numpy-1.22.2-cp38-cp38-macosx_10_14_x86_64.whl", hash = "sha256:55535c7c2f61e2b2fc817c5cbe1af7cb907c7f011e46ae0a52caa4be1f19afe2"},
    {file = "numpy-1.22.2-cp38-cp38-macosx_11_0_arm64.whl", hash = "sha256:60cb8e5933193a3cc2912ee29ca331e9c15b2da034f76159b7abc520b3d1233a"},
    {file = "numpy-1.22.2-cp38-cp38-manylinux_2_17_aarch64.manylinux2014_aarch64.whl", hash = "sha256:0b536b6840e84c1c6a410f3a5aa727821e6108f3454d81a5cd5900999ef04f89"},
    {file = "numpy-1.22.2-cp38-cp38-manylinux_2_17_x86_64.manylinux2014_x86_64.whl", hash = "sha256:2638389562bda1635b564490d76713695ff497242a83d9b684d27bb4a6cc9d7a"},
    {file = "numpy-1.22.2-cp38-cp38-win32.whl", hash = "sha256:6767ad399e9327bfdbaa40871be4254d1995f4a3ca3806127f10cec778bd9896"},
    {file = "numpy-1.22.2-cp38-cp38-win_amd64.whl", hash = "sha256:03ae5850619abb34a879d5f2d4bb4dcd025d6d8fb72f5e461dae84edccfe129f"},
    {file = "numpy-1.22.2-cp39-cp39-macosx_10_14_x86_64.whl", hash = "sha256:d76a26c5118c4d96e264acc9e3242d72e1a2b92e739807b3b69d8d47684b6677"},
    {file = "numpy-1.22.2-cp39-cp39-macosx_11_0_arm64.whl", hash = "sha256:15efb7b93806d438e3bc590ca8ef2f953b0ce4f86f337ef4559d31ec6cf9d7dd"},
    {file = "numpy-1.22.2-cp39-cp39-manylinux_2_17_aarch64.manylinux2014_aarch64.whl", hash = "sha256:badca914580eb46385e7f7e4e426fea6de0a37b9e06bec252e481ae7ec287082"},
    {file = "numpy-1.22.2-cp39-cp39-manylinux_2_17_x86_64.manylinux2014_x86_64.whl", hash = "sha256:94dd11d9f13ea1be17bac39c1942f527cbf7065f94953cf62dfe805653da2f8f"},
    {file = "numpy-1.22.2-cp39-cp39-win32.whl", hash = "sha256:8cf33634b60c9cef346663a222d9841d3bbbc0a2f00221d6bcfd0d993d5543f6"},
    {file = "numpy-1.22.2-cp39-cp39-win_amd64.whl", hash = "sha256:59153979d60f5bfe9e4c00e401e24dfe0469ef8da6d68247439d3278f30a180f"},
    {file = "numpy-1.22.2-pp38-pypy38_pp73-manylinux_2_17_x86_64.manylinux2014_x86_64.whl", hash = "sha256:4a176959b6e7e00b5a0d6f549a479f869829bfd8150282c590deee6d099bbb6e"},
    {file = "numpy-1.22.2.zip", hash = "sha256:076aee5a3763d41da6bef9565fdf3cb987606f567cd8b104aded2b38b7b47abf"},
]
pathspec = [
    {file = "pathspec-0.9.0-py2.py3-none-any.whl", hash = "sha256:7d15c4ddb0b5c802d161efc417ec1a2558ea2653c2e8ad9c19098201dc1c993a"},
    {file = "pathspec-0.9.0.tar.gz", hash = "sha256:e564499435a2673d586f6b2130bb5b95f04a3ba06f81b8f895b651a3c76aabb1"},
]
platformdirs = [
    {file = "platformdirs-2.4.1-py3-none-any.whl", hash = "sha256:1d7385c7db91728b83efd0ca99a5afb296cab9d0ed8313a45ed8ba17967ecfca"},
    {file = "platformdirs-2.4.1.tar.gz", hash = "sha256:440633ddfebcc36264232365d7840a970e75e1018d15b4327d11f91909045fda"},
]
plotly = [
    {file = "plotly-5.5.0-py2.py3-none-any.whl", hash = "sha256:bc7d19272560f73fe4c2c989c31b00774a35d3a76891fab0b72c17616862d0e0"},
    {file = "plotly-5.5.0.tar.gz", hash = "sha256:20b8a1a0f0434f9b8d10eb7caa66e947a9a1d698e5a53d40d447bbc0d2ae41f0"},
]
six = [
    {file = "six-1.16.0-py2.py3-none-any.whl", hash = "sha256:8abb2f1d86890a2dfb989f9a77cfcfd3e47c2a354b01111771326f8aa26e0254"},
    {file = "six-1.16.0.tar.gz", hash = "sha256:1e61c37477a1626458e36f7b1d82aa5c9b094fa4802892072e49de9c60c4c926"},
]
tenacity = [
    {file = "tenacity-8.0.1-py3-none-any.whl", hash = "sha256:f78f4ea81b0fabc06728c11dc2a8c01277bfc5181b321a4770471902e3eb844a"},
    {file = "tenacity-8.0.1.tar.gz", hash = "sha256:43242a20e3e73291a28bcbcacfd6e000b02d3857a9a9fff56b297a27afdc932f"},
]
tomli = [
    {file = "tomli-2.0.0-py3-none-any.whl", hash = "sha256:b5bde28da1fed24b9bd1d4d2b8cba62300bfb4ec9a6187a957e8ddb9434c5224"},
    {file = "tomli-2.0.0.tar.gz", hash = "sha256:c292c34f58502a1eb2bbb9f5bbc9a5ebc37bee10ffb8c2d6bbdfa8eb13cc14e1"},
]
typing-extensions = [
    {file = "typing_extensions-4.0.1-py3-none-any.whl", hash = "sha256:7f001e5ac290a0c0401508864c7ec868be4e701886d5b573a9528ed3973d9d3b"},
    {file = "typing_extensions-4.0.1.tar.gz", hash = "sha256:4ca091dea149f945ec56afb48dae714f21e8692ef22a395223bcd328961b6a0e"},
]
werkzeug = [
    {file = "Werkzeug-2.0.3-py3-none-any.whl", hash = "sha256:1421ebfc7648a39a5c58c601b154165d05cf47a3cd0ccb70857cbdacf6c8f2b8"},
    {file = "Werkzeug-2.0.3.tar.gz", hash = "sha256:b863f8ff057c522164b6067c9e28b041161b4be5ba4d0daceeaa50a163822d3c"},
]
